
Microsoft Visual Studio Solution File, Format Version 12.00
# Visual Studio Version 16
VisualStudioVersion = 16.0.30114.105
MinimumVisualStudioVersion = 10.0.40219.1
Project("{2150E333-8FDC-42A3-9474-1A3956D46DE8}") = "src", "src", "{B0F6406A-4FEE-48B3-A350-7C005B919CC6}"
EndProject
Project("{2150E333-8FDC-42A3-9474-1A3956D46DE8}") = "Libraries", "Libraries", "{72F492CD-436F-4C04-9555-0AD8A7B16F66}"
EndProject
Project("{FAE04EC0-301F-11D3-BF4B-00C04F79EFBC}") = "Library.Shared", "src\Libraries\Library.Shared\Library.Shared.csproj", "{A6540724-7087-4752-A1F5-235FBAD4BBFA}"
EndProject
Project("{2150E333-8FDC-42A3-9474-1A3956D46DE8}") = "Services", "Services", "{F26F726E-4862-48A0-A4EB-D72F6F36C6AB}"
EndProject
Project("{2150E333-8FDC-42A3-9474-1A3956D46DE8}") = "Template.API", "Template.API", "{E903BA59-9C9B-4C14-A387-439756E4114B}"
EndProject
Project("{2150E333-8FDC-42A3-9474-1A3956D46DE8}") = "src", "src", "{6A98162C-6560-474C-B531-B0F66B09C31A}"
EndProject
Project("{2150E333-8FDC-42A3-9474-1A3956D46DE8}") = "tests", "tests", "{DB8A7125-F9FE-44C9-ACFC-C16A3F54D5EB}"
EndProject
Project("{FAE04EC0-301F-11D3-BF4B-00C04F79EFBC}") = "Template.API", "src\Services\Template.API\src\Template.API\Template.API.csproj", "{A4E6A108-4C11-4655-ABD0-31803F182709}"
EndProject
Project("{FAE04EC0-301F-11D3-BF4B-00C04F79EFBC}") = "Template.API.Application", "src\Services\Template.API\src\Template.API.Application\Template.API.Application.csproj", "{43002B95-C6CE-48F1-B7AC-5317E46D790C}"
EndProject
Project("{FAE04EC0-301F-11D3-BF4B-00C04F79EFBC}") = "Template.API.Domain", "src\Services\Template.API\src\Template.API.Domain\Template.API.Domain.csproj", "{546E1E59-C5DF-4CD1-9C9A-2017BC6404B2}"
EndProject
Project("{FAE04EC0-301F-11D3-BF4B-00C04F79EFBC}") = "Template.API.Infrastructure", "src\Services\Template.API\src\Template.API.Infrastructure\Template.API.Infrastructure.csproj", "{21432CEA-57CB-4CF0-9A96-133663E02469}"
EndProject
Project("{FAE04EC0-301F-11D3-BF4B-00C04F79EFBC}") = "Template.API.Tests.Unit", "src\Services\Template.API\tests\Template.API.Tests.Unit\Template.API.Tests.Unit.csproj", "{AD5724B3-5434-4F01-9A34-7BE6A73074D8}"
EndProject
Project("{FAE04EC0-301F-11D3-BF4B-00C04F79EFBC}") = "Library.EventBus", "src\Libraries\Library.EventBus\Library.EventBus.csproj", "{9C455D0B-FFEC-4C6C-AD67-1B70D04FCB99}"
EndProject
Project("{FAE04EC0-301F-11D3-BF4B-00C04F79EFBC}") = "Library.Database", "src\Libraries\Library.Database\Library.Database.csproj", "{D60034D6-DCE5-4E1D-B585-847E6D3A55B5}"
EndProject
Project("{2150E333-8FDC-42A3-9474-1A3956D46DE8}") = "AccountDefinition.API", "AccountDefinition.API", "{70C7C70C-568D-448B-93BB-E65B2B98BF0A}"
EndProject
Project("{2150E333-8FDC-42A3-9474-1A3956D46DE8}") = "src", "src", "{CD15B4C9-8805-4E28-A810-83C2FE8961A4}"
EndProject
Project("{2150E333-8FDC-42A3-9474-1A3956D46DE8}") = "tests", "tests", "{E3B5C78E-ED1E-4A07-B436-12FFD1E8C4DB}"
EndProject
Project("{FAE04EC0-301F-11D3-BF4B-00C04F79EFBC}") = "AccountDefinition.API", "src\Services\AccountDefinition.API\src\AccountDefinition.API\AccountDefinition.API.csproj", "{8AC41122-D129-4F4A-93FB-2A4C485480F5}"
EndProject
Project("{FAE04EC0-301F-11D3-BF4B-00C04F79EFBC}") = "AccountDefinition.API.Application", "src\Services\AccountDefinition.API\src\AccountDefinition.API.Application\AccountDefinition.API.Application.csproj", "{5EDADA93-7492-4BFE-8D17-FB44763F1324}"
EndProject
Project("{FAE04EC0-301F-11D3-BF4B-00C04F79EFBC}") = "AccountDefinition.API.Domain", "src\Services\AccountDefinition.API\src\AccountDefinition.API.Domain\AccountDefinition.API.Domain.csproj", "{8F6010EF-B4E8-40C5-8C55-AA87F6D1F625}"
EndProject
Project("{FAE04EC0-301F-11D3-BF4B-00C04F79EFBC}") = "AccountDefinition.API.Infrastructure", "src\Services\AccountDefinition.API\src\AccountDefinition.API.Infrastructure\AccountDefinition.API.Infrastructure.csproj", "{F1F2A88A-3951-40E7-A879-A5372AACF728}"
EndProject
Project("{FAE04EC0-301F-11D3-BF4B-00C04F79EFBC}") = "AccountDefinition.API.Tests.Unit", "src\Services\AccountDefinition.API\tests\AccountDefinition.API.Tests.Unit\AccountDefinition.API.Tests.Unit.csproj", "{BF55FC77-3EDC-4123-81FA-A5D9E4C81C5C}"
EndProject
Project("{FAE04EC0-301F-11D3-BF4B-00C04F79EFBC}") = "Library.Shared.Models", "src\Libraries\Library.Shared.Models\Library.Shared.Models.csproj", "{B683D223-0BB6-4E97-93C2-BD28360DE999}"
EndProject
Project("{2150E333-8FDC-42A3-9474-1A3956D46DE8}") = "FileStorage.API", "FileStorage.API", "{7AF7DB77-1198-4070-BC8A-F6A3D50D2FFE}"
EndProject
Project("{2150E333-8FDC-42A3-9474-1A3956D46DE8}") = "src", "src", "{CC2B0C61-3101-40E5-BBDE-D5A8B70DC427}"
EndProject
Project("{2150E333-8FDC-42A3-9474-1A3956D46DE8}") = "tests", "tests", "{F18C982A-6209-44D5-A886-E95D8BF457AD}"
EndProject
Project("{FAE04EC0-301F-11D3-BF4B-00C04F79EFBC}") = "FileStorage.API", "src\Services\FileStorage.API\src\FileStorage.API\FileStorage.API.csproj", "{36932FF2-F6B1-4306-968F-FF22C24AA780}"
EndProject
Project("{FAE04EC0-301F-11D3-BF4B-00C04F79EFBC}") = "FileStorage.API.Tests.Unit", "src\Services\FileStorage.API\tests\FileStorage.API.Tests.Unit\FileStorage.API.Tests.Unit.csproj", "{34931F9A-9EE0-4E21-BBCE-4F5750CB3FE5}"
EndProject
Project("{FAE04EC0-301F-11D3-BF4B-00C04F79EFBC}") = "FileStorage.API.Application", "src\Services\FileStorage.API\src\FileStorage.API.Application\FileStorage.API.Application.csproj", "{2D0AD94D-289E-4051-A84B-38BA527674AA}"
EndProject
Project("{FAE04EC0-301F-11D3-BF4B-00C04F79EFBC}") = "FileStorage.API.Domain", "src\Services\FileStorage.API\src\FileStorage.API.Domain\FileStorage.API.Domain.csproj", "{1AA2D1DB-ACC5-4710-87D9-EBEB1206D8D8}"
EndProject
Project("{FAE04EC0-301F-11D3-BF4B-00C04F79EFBC}") = "FileStorage.API.Infrastructure", "src\Services\FileStorage.API\src\FileStorage.API.Infrastructure\FileStorage.API.Infrastructure.csproj", "{72324214-8D8E-40E7-80CA-A0276FA4CEDA}"
EndProject
Project("{FAE04EC0-301F-11D3-BF4B-00C04F79EFBC}") = "SimpleFileSystem", "src\Libraries\SimpleFileSystem\SimpleFileSystem.csproj", "{F99BBF75-8B56-4000-8401-065D67284F14}"
EndProject
Project("{FAE04EC0-301F-11D3-BF4B-00C04F79EFBC}") = "SimpleFileSystem.DependencyInjection", "src\Libraries\SimpleFileSystem.DependencyInjection\SimpleFileSystem.DependencyInjection.csproj", "{3C2412F2-D8B7-470E-866F-7D228DA79D66}"
EndProject
Global
	GlobalSection(SolutionConfigurationPlatforms) = preSolution
		Debug|Any CPU = Debug|Any CPU
		Debug|x64 = Debug|x64
		Debug|x86 = Debug|x86
		Release|Any CPU = Release|Any CPU
		Release|x64 = Release|x64
		Release|x86 = Release|x86
	EndGlobalSection
	GlobalSection(SolutionProperties) = preSolution
		HideSolutionNode = FALSE
	EndGlobalSection
	GlobalSection(NestedProjects) = preSolution
		{72F492CD-436F-4C04-9555-0AD8A7B16F66} = {B0F6406A-4FEE-48B3-A350-7C005B919CC6}
		{A6540724-7087-4752-A1F5-235FBAD4BBFA} = {72F492CD-436F-4C04-9555-0AD8A7B16F66}
		{F26F726E-4862-48A0-A4EB-D72F6F36C6AB} = {B0F6406A-4FEE-48B3-A350-7C005B919CC6}
		{E903BA59-9C9B-4C14-A387-439756E4114B} = {F26F726E-4862-48A0-A4EB-D72F6F36C6AB}
		{6A98162C-6560-474C-B531-B0F66B09C31A} = {E903BA59-9C9B-4C14-A387-439756E4114B}
		{DB8A7125-F9FE-44C9-ACFC-C16A3F54D5EB} = {E903BA59-9C9B-4C14-A387-439756E4114B}
		{A4E6A108-4C11-4655-ABD0-31803F182709} = {6A98162C-6560-474C-B531-B0F66B09C31A}
		{43002B95-C6CE-48F1-B7AC-5317E46D790C} = {6A98162C-6560-474C-B531-B0F66B09C31A}
		{546E1E59-C5DF-4CD1-9C9A-2017BC6404B2} = {6A98162C-6560-474C-B531-B0F66B09C31A}
		{21432CEA-57CB-4CF0-9A96-133663E02469} = {6A98162C-6560-474C-B531-B0F66B09C31A}
		{AD5724B3-5434-4F01-9A34-7BE6A73074D8} = {DB8A7125-F9FE-44C9-ACFC-C16A3F54D5EB}
		{9C455D0B-FFEC-4C6C-AD67-1B70D04FCB99} = {72F492CD-436F-4C04-9555-0AD8A7B16F66}
		{D60034D6-DCE5-4E1D-B585-847E6D3A55B5} = {72F492CD-436F-4C04-9555-0AD8A7B16F66}
		{70C7C70C-568D-448B-93BB-E65B2B98BF0A} = {F26F726E-4862-48A0-A4EB-D72F6F36C6AB}
		{CD15B4C9-8805-4E28-A810-83C2FE8961A4} = {70C7C70C-568D-448B-93BB-E65B2B98BF0A}
		{E3B5C78E-ED1E-4A07-B436-12FFD1E8C4DB} = {70C7C70C-568D-448B-93BB-E65B2B98BF0A}
		{8AC41122-D129-4F4A-93FB-2A4C485480F5} = {CD15B4C9-8805-4E28-A810-83C2FE8961A4}
		{5EDADA93-7492-4BFE-8D17-FB44763F1324} = {CD15B4C9-8805-4E28-A810-83C2FE8961A4}
		{8F6010EF-B4E8-40C5-8C55-AA87F6D1F625} = {CD15B4C9-8805-4E28-A810-83C2FE8961A4}
		{F1F2A88A-3951-40E7-A879-A5372AACF728} = {CD15B4C9-8805-4E28-A810-83C2FE8961A4}
		{BF55FC77-3EDC-4123-81FA-A5D9E4C81C5C} = {E3B5C78E-ED1E-4A07-B436-12FFD1E8C4DB}
		{B683D223-0BB6-4E97-93C2-BD28360DE999} = {72F492CD-436F-4C04-9555-0AD8A7B16F66}
		{7AF7DB77-1198-4070-BC8A-F6A3D50D2FFE} = {F26F726E-4862-48A0-A4EB-D72F6F36C6AB}
		{CC2B0C61-3101-40E5-BBDE-D5A8B70DC427} = {7AF7DB77-1198-4070-BC8A-F6A3D50D2FFE}
		{F18C982A-6209-44D5-A886-E95D8BF457AD} = {7AF7DB77-1198-4070-BC8A-F6A3D50D2FFE}
		{36932FF2-F6B1-4306-968F-FF22C24AA780} = {CC2B0C61-3101-40E5-BBDE-D5A8B70DC427}
		{34931F9A-9EE0-4E21-BBCE-4F5750CB3FE5} = {F18C982A-6209-44D5-A886-E95D8BF457AD}
		{2D0AD94D-289E-4051-A84B-38BA527674AA} = {CC2B0C61-3101-40E5-BBDE-D5A8B70DC427}
		{1AA2D1DB-ACC5-4710-87D9-EBEB1206D8D8} = {CC2B0C61-3101-40E5-BBDE-D5A8B70DC427}
		{72324214-8D8E-40E7-80CA-A0276FA4CEDA} = {CC2B0C61-3101-40E5-BBDE-D5A8B70DC427}
		{F99BBF75-8B56-4000-8401-065D67284F14} = {72F492CD-436F-4C04-9555-0AD8A7B16F66}
		{3C2412F2-D8B7-470E-866F-7D228DA79D66} = {72F492CD-436F-4C04-9555-0AD8A7B16F66}
	EndGlobalSection
	GlobalSection(ProjectConfigurationPlatforms) = postSolution
		{A6540724-7087-4752-A1F5-235FBAD4BBFA}.Debug|Any CPU.ActiveCfg = Debug|Any CPU
		{A6540724-7087-4752-A1F5-235FBAD4BBFA}.Debug|Any CPU.Build.0 = Debug|Any CPU
		{A6540724-7087-4752-A1F5-235FBAD4BBFA}.Debug|x64.ActiveCfg = Debug|Any CPU
		{A6540724-7087-4752-A1F5-235FBAD4BBFA}.Debug|x64.Build.0 = Debug|Any CPU
		{A6540724-7087-4752-A1F5-235FBAD4BBFA}.Debug|x86.ActiveCfg = Debug|Any CPU
		{A6540724-7087-4752-A1F5-235FBAD4BBFA}.Debug|x86.Build.0 = Debug|Any CPU
		{A6540724-7087-4752-A1F5-235FBAD4BBFA}.Release|Any CPU.ActiveCfg = Release|Any CPU
		{A6540724-7087-4752-A1F5-235FBAD4BBFA}.Release|Any CPU.Build.0 = Release|Any CPU
		{A6540724-7087-4752-A1F5-235FBAD4BBFA}.Release|x64.ActiveCfg = Release|Any CPU
		{A6540724-7087-4752-A1F5-235FBAD4BBFA}.Release|x64.Build.0 = Release|Any CPU
		{A6540724-7087-4752-A1F5-235FBAD4BBFA}.Release|x86.ActiveCfg = Release|Any CPU
		{A6540724-7087-4752-A1F5-235FBAD4BBFA}.Release|x86.Build.0 = Release|Any CPU
		{A4E6A108-4C11-4655-ABD0-31803F182709}.Debug|Any CPU.ActiveCfg = Debug|Any CPU
		{A4E6A108-4C11-4655-ABD0-31803F182709}.Debug|Any CPU.Build.0 = Debug|Any CPU
		{A4E6A108-4C11-4655-ABD0-31803F182709}.Debug|x64.ActiveCfg = Debug|Any CPU
		{A4E6A108-4C11-4655-ABD0-31803F182709}.Debug|x64.Build.0 = Debug|Any CPU
		{A4E6A108-4C11-4655-ABD0-31803F182709}.Debug|x86.ActiveCfg = Debug|Any CPU
		{A4E6A108-4C11-4655-ABD0-31803F182709}.Debug|x86.Build.0 = Debug|Any CPU
		{A4E6A108-4C11-4655-ABD0-31803F182709}.Release|Any CPU.ActiveCfg = Release|Any CPU
		{A4E6A108-4C11-4655-ABD0-31803F182709}.Release|Any CPU.Build.0 = Release|Any CPU
		{A4E6A108-4C11-4655-ABD0-31803F182709}.Release|x64.ActiveCfg = Release|Any CPU
		{A4E6A108-4C11-4655-ABD0-31803F182709}.Release|x64.Build.0 = Release|Any CPU
		{A4E6A108-4C11-4655-ABD0-31803F182709}.Release|x86.ActiveCfg = Release|Any CPU
		{A4E6A108-4C11-4655-ABD0-31803F182709}.Release|x86.Build.0 = Release|Any CPU
		{43002B95-C6CE-48F1-B7AC-5317E46D790C}.Debug|Any CPU.ActiveCfg = Debug|Any CPU
		{43002B95-C6CE-48F1-B7AC-5317E46D790C}.Debug|Any CPU.Build.0 = Debug|Any CPU
		{43002B95-C6CE-48F1-B7AC-5317E46D790C}.Debug|x64.ActiveCfg = Debug|Any CPU
		{43002B95-C6CE-48F1-B7AC-5317E46D790C}.Debug|x64.Build.0 = Debug|Any CPU
		{43002B95-C6CE-48F1-B7AC-5317E46D790C}.Debug|x86.ActiveCfg = Debug|Any CPU
		{43002B95-C6CE-48F1-B7AC-5317E46D790C}.Debug|x86.Build.0 = Debug|Any CPU
		{43002B95-C6CE-48F1-B7AC-5317E46D790C}.Release|Any CPU.ActiveCfg = Release|Any CPU
		{43002B95-C6CE-48F1-B7AC-5317E46D790C}.Release|Any CPU.Build.0 = Release|Any CPU
		{43002B95-C6CE-48F1-B7AC-5317E46D790C}.Release|x64.ActiveCfg = Release|Any CPU
		{43002B95-C6CE-48F1-B7AC-5317E46D790C}.Release|x64.Build.0 = Release|Any CPU
		{43002B95-C6CE-48F1-B7AC-5317E46D790C}.Release|x86.ActiveCfg = Release|Any CPU
		{43002B95-C6CE-48F1-B7AC-5317E46D790C}.Release|x86.Build.0 = Release|Any CPU
		{546E1E59-C5DF-4CD1-9C9A-2017BC6404B2}.Debug|Any CPU.ActiveCfg = Debug|Any CPU
		{546E1E59-C5DF-4CD1-9C9A-2017BC6404B2}.Debug|Any CPU.Build.0 = Debug|Any CPU
		{546E1E59-C5DF-4CD1-9C9A-2017BC6404B2}.Debug|x64.ActiveCfg = Debug|Any CPU
		{546E1E59-C5DF-4CD1-9C9A-2017BC6404B2}.Debug|x64.Build.0 = Debug|Any CPU
		{546E1E59-C5DF-4CD1-9C9A-2017BC6404B2}.Debug|x86.ActiveCfg = Debug|Any CPU
		{546E1E59-C5DF-4CD1-9C9A-2017BC6404B2}.Debug|x86.Build.0 = Debug|Any CPU
		{546E1E59-C5DF-4CD1-9C9A-2017BC6404B2}.Release|Any CPU.ActiveCfg = Release|Any CPU
		{546E1E59-C5DF-4CD1-9C9A-2017BC6404B2}.Release|Any CPU.Build.0 = Release|Any CPU
		{546E1E59-C5DF-4CD1-9C9A-2017BC6404B2}.Release|x64.ActiveCfg = Release|Any CPU
		{546E1E59-C5DF-4CD1-9C9A-2017BC6404B2}.Release|x64.Build.0 = Release|Any CPU
		{546E1E59-C5DF-4CD1-9C9A-2017BC6404B2}.Release|x86.ActiveCfg = Release|Any CPU
		{546E1E59-C5DF-4CD1-9C9A-2017BC6404B2}.Release|x86.Build.0 = Release|Any CPU
		{21432CEA-57CB-4CF0-9A96-133663E02469}.Debug|Any CPU.ActiveCfg = Debug|Any CPU
		{21432CEA-57CB-4CF0-9A96-133663E02469}.Debug|Any CPU.Build.0 = Debug|Any CPU
		{21432CEA-57CB-4CF0-9A96-133663E02469}.Debug|x64.ActiveCfg = Debug|Any CPU
		{21432CEA-57CB-4CF0-9A96-133663E02469}.Debug|x64.Build.0 = Debug|Any CPU
		{21432CEA-57CB-4CF0-9A96-133663E02469}.Debug|x86.ActiveCfg = Debug|Any CPU
		{21432CEA-57CB-4CF0-9A96-133663E02469}.Debug|x86.Build.0 = Debug|Any CPU
		{21432CEA-57CB-4CF0-9A96-133663E02469}.Release|Any CPU.ActiveCfg = Release|Any CPU
		{21432CEA-57CB-4CF0-9A96-133663E02469}.Release|Any CPU.Build.0 = Release|Any CPU
		{21432CEA-57CB-4CF0-9A96-133663E02469}.Release|x64.ActiveCfg = Release|Any CPU
		{21432CEA-57CB-4CF0-9A96-133663E02469}.Release|x64.Build.0 = Release|Any CPU
		{21432CEA-57CB-4CF0-9A96-133663E02469}.Release|x86.ActiveCfg = Release|Any CPU
		{21432CEA-57CB-4CF0-9A96-133663E02469}.Release|x86.Build.0 = Release|Any CPU
		{AD5724B3-5434-4F01-9A34-7BE6A73074D8}.Debug|Any CPU.ActiveCfg = Debug|Any CPU
		{AD5724B3-5434-4F01-9A34-7BE6A73074D8}.Debug|Any CPU.Build.0 = Debug|Any CPU
		{AD5724B3-5434-4F01-9A34-7BE6A73074D8}.Debug|x64.ActiveCfg = Debug|Any CPU
		{AD5724B3-5434-4F01-9A34-7BE6A73074D8}.Debug|x64.Build.0 = Debug|Any CPU
		{AD5724B3-5434-4F01-9A34-7BE6A73074D8}.Debug|x86.ActiveCfg = Debug|Any CPU
		{AD5724B3-5434-4F01-9A34-7BE6A73074D8}.Debug|x86.Build.0 = Debug|Any CPU
		{AD5724B3-5434-4F01-9A34-7BE6A73074D8}.Release|Any CPU.ActiveCfg = Release|Any CPU
		{AD5724B3-5434-4F01-9A34-7BE6A73074D8}.Release|Any CPU.Build.0 = Release|Any CPU
		{AD5724B3-5434-4F01-9A34-7BE6A73074D8}.Release|x64.ActiveCfg = Release|Any CPU
		{AD5724B3-5434-4F01-9A34-7BE6A73074D8}.Release|x64.Build.0 = Release|Any CPU
		{AD5724B3-5434-4F01-9A34-7BE6A73074D8}.Release|x86.ActiveCfg = Release|Any CPU
		{AD5724B3-5434-4F01-9A34-7BE6A73074D8}.Release|x86.Build.0 = Release|Any CPU
		{9C455D0B-FFEC-4C6C-AD67-1B70D04FCB99}.Debug|Any CPU.ActiveCfg = Debug|Any CPU
		{9C455D0B-FFEC-4C6C-AD67-1B70D04FCB99}.Debug|Any CPU.Build.0 = Debug|Any CPU
		{9C455D0B-FFEC-4C6C-AD67-1B70D04FCB99}.Debug|x64.ActiveCfg = Debug|Any CPU
		{9C455D0B-FFEC-4C6C-AD67-1B70D04FCB99}.Debug|x64.Build.0 = Debug|Any CPU
		{9C455D0B-FFEC-4C6C-AD67-1B70D04FCB99}.Debug|x86.ActiveCfg = Debug|Any CPU
		{9C455D0B-FFEC-4C6C-AD67-1B70D04FCB99}.Debug|x86.Build.0 = Debug|Any CPU
		{9C455D0B-FFEC-4C6C-AD67-1B70D04FCB99}.Release|Any CPU.ActiveCfg = Release|Any CPU
		{9C455D0B-FFEC-4C6C-AD67-1B70D04FCB99}.Release|Any CPU.Build.0 = Release|Any CPU
		{9C455D0B-FFEC-4C6C-AD67-1B70D04FCB99}.Release|x64.ActiveCfg = Release|Any CPU
		{9C455D0B-FFEC-4C6C-AD67-1B70D04FCB99}.Release|x64.Build.0 = Release|Any CPU
		{9C455D0B-FFEC-4C6C-AD67-1B70D04FCB99}.Release|x86.ActiveCfg = Release|Any CPU
		{9C455D0B-FFEC-4C6C-AD67-1B70D04FCB99}.Release|x86.Build.0 = Release|Any CPU
		{D60034D6-DCE5-4E1D-B585-847E6D3A55B5}.Debug|Any CPU.ActiveCfg = Debug|Any CPU
		{D60034D6-DCE5-4E1D-B585-847E6D3A55B5}.Debug|Any CPU.Build.0 = Debug|Any CPU
		{D60034D6-DCE5-4E1D-B585-847E6D3A55B5}.Debug|x64.ActiveCfg = Debug|Any CPU
		{D60034D6-DCE5-4E1D-B585-847E6D3A55B5}.Debug|x64.Build.0 = Debug|Any CPU
		{D60034D6-DCE5-4E1D-B585-847E6D3A55B5}.Debug|x86.ActiveCfg = Debug|Any CPU
		{D60034D6-DCE5-4E1D-B585-847E6D3A55B5}.Debug|x86.Build.0 = Debug|Any CPU
		{D60034D6-DCE5-4E1D-B585-847E6D3A55B5}.Release|Any CPU.ActiveCfg = Release|Any CPU
		{D60034D6-DCE5-4E1D-B585-847E6D3A55B5}.Release|Any CPU.Build.0 = Release|Any CPU
		{D60034D6-DCE5-4E1D-B585-847E6D3A55B5}.Release|x64.ActiveCfg = Release|Any CPU
		{D60034D6-DCE5-4E1D-B585-847E6D3A55B5}.Release|x64.Build.0 = Release|Any CPU
		{D60034D6-DCE5-4E1D-B585-847E6D3A55B5}.Release|x86.ActiveCfg = Release|Any CPU
		{D60034D6-DCE5-4E1D-B585-847E6D3A55B5}.Release|x86.Build.0 = Release|Any CPU
		{8AC41122-D129-4F4A-93FB-2A4C485480F5}.Debug|Any CPU.ActiveCfg = Debug|Any CPU
		{8AC41122-D129-4F4A-93FB-2A4C485480F5}.Debug|Any CPU.Build.0 = Debug|Any CPU
		{8AC41122-D129-4F4A-93FB-2A4C485480F5}.Debug|x64.ActiveCfg = Debug|Any CPU
		{8AC41122-D129-4F4A-93FB-2A4C485480F5}.Debug|x64.Build.0 = Debug|Any CPU
		{8AC41122-D129-4F4A-93FB-2A4C485480F5}.Debug|x86.ActiveCfg = Debug|Any CPU
		{8AC41122-D129-4F4A-93FB-2A4C485480F5}.Debug|x86.Build.0 = Debug|Any CPU
		{8AC41122-D129-4F4A-93FB-2A4C485480F5}.Release|Any CPU.ActiveCfg = Release|Any CPU
		{8AC41122-D129-4F4A-93FB-2A4C485480F5}.Release|Any CPU.Build.0 = Release|Any CPU
		{8AC41122-D129-4F4A-93FB-2A4C485480F5}.Release|x64.ActiveCfg = Release|Any CPU
		{8AC41122-D129-4F4A-93FB-2A4C485480F5}.Release|x64.Build.0 = Release|Any CPU
		{8AC41122-D129-4F4A-93FB-2A4C485480F5}.Release|x86.ActiveCfg = Release|Any CPU
		{8AC41122-D129-4F4A-93FB-2A4C485480F5}.Release|x86.Build.0 = Release|Any CPU
		{5EDADA93-7492-4BFE-8D17-FB44763F1324}.Debug|Any CPU.ActiveCfg = Debug|Any CPU
		{5EDADA93-7492-4BFE-8D17-FB44763F1324}.Debug|Any CPU.Build.0 = Debug|Any CPU
		{5EDADA93-7492-4BFE-8D17-FB44763F1324}.Debug|x64.ActiveCfg = Debug|Any CPU
		{5EDADA93-7492-4BFE-8D17-FB44763F1324}.Debug|x64.Build.0 = Debug|Any CPU
		{5EDADA93-7492-4BFE-8D17-FB44763F1324}.Debug|x86.ActiveCfg = Debug|Any CPU
		{5EDADA93-7492-4BFE-8D17-FB44763F1324}.Debug|x86.Build.0 = Debug|Any CPU
		{5EDADA93-7492-4BFE-8D17-FB44763F1324}.Release|Any CPU.ActiveCfg = Release|Any CPU
		{5EDADA93-7492-4BFE-8D17-FB44763F1324}.Release|Any CPU.Build.0 = Release|Any CPU
		{5EDADA93-7492-4BFE-8D17-FB44763F1324}.Release|x64.ActiveCfg = Release|Any CPU
		{5EDADA93-7492-4BFE-8D17-FB44763F1324}.Release|x64.Build.0 = Release|Any CPU
		{5EDADA93-7492-4BFE-8D17-FB44763F1324}.Release|x86.ActiveCfg = Release|Any CPU
		{5EDADA93-7492-4BFE-8D17-FB44763F1324}.Release|x86.Build.0 = Release|Any CPU
		{8F6010EF-B4E8-40C5-8C55-AA87F6D1F625}.Debug|Any CPU.ActiveCfg = Debug|Any CPU
		{8F6010EF-B4E8-40C5-8C55-AA87F6D1F625}.Debug|Any CPU.Build.0 = Debug|Any CPU
		{8F6010EF-B4E8-40C5-8C55-AA87F6D1F625}.Debug|x64.ActiveCfg = Debug|Any CPU
		{8F6010EF-B4E8-40C5-8C55-AA87F6D1F625}.Debug|x64.Build.0 = Debug|Any CPU
		{8F6010EF-B4E8-40C5-8C55-AA87F6D1F625}.Debug|x86.ActiveCfg = Debug|Any CPU
		{8F6010EF-B4E8-40C5-8C55-AA87F6D1F625}.Debug|x86.Build.0 = Debug|Any CPU
		{8F6010EF-B4E8-40C5-8C55-AA87F6D1F625}.Release|Any CPU.ActiveCfg = Release|Any CPU
		{8F6010EF-B4E8-40C5-8C55-AA87F6D1F625}.Release|Any CPU.Build.0 = Release|Any CPU
		{8F6010EF-B4E8-40C5-8C55-AA87F6D1F625}.Release|x64.ActiveCfg = Release|Any CPU
		{8F6010EF-B4E8-40C5-8C55-AA87F6D1F625}.Release|x64.Build.0 = Release|Any CPU
		{8F6010EF-B4E8-40C5-8C55-AA87F6D1F625}.Release|x86.ActiveCfg = Release|Any CPU
		{8F6010EF-B4E8-40C5-8C55-AA87F6D1F625}.Release|x86.Build.0 = Release|Any CPU
		{F1F2A88A-3951-40E7-A879-A5372AACF728}.Debug|Any CPU.ActiveCfg = Debug|Any CPU
		{F1F2A88A-3951-40E7-A879-A5372AACF728}.Debug|Any CPU.Build.0 = Debug|Any CPU
		{F1F2A88A-3951-40E7-A879-A5372AACF728}.Debug|x64.ActiveCfg = Debug|Any CPU
		{F1F2A88A-3951-40E7-A879-A5372AACF728}.Debug|x64.Build.0 = Debug|Any CPU
		{F1F2A88A-3951-40E7-A879-A5372AACF728}.Debug|x86.ActiveCfg = Debug|Any CPU
		{F1F2A88A-3951-40E7-A879-A5372AACF728}.Debug|x86.Build.0 = Debug|Any CPU
		{F1F2A88A-3951-40E7-A879-A5372AACF728}.Release|Any CPU.ActiveCfg = Release|Any CPU
		{F1F2A88A-3951-40E7-A879-A5372AACF728}.Release|Any CPU.Build.0 = Release|Any CPU
		{F1F2A88A-3951-40E7-A879-A5372AACF728}.Release|x64.ActiveCfg = Release|Any CPU
		{F1F2A88A-3951-40E7-A879-A5372AACF728}.Release|x64.Build.0 = Release|Any CPU
		{F1F2A88A-3951-40E7-A879-A5372AACF728}.Release|x86.ActiveCfg = Release|Any CPU
		{F1F2A88A-3951-40E7-A879-A5372AACF728}.Release|x86.Build.0 = Release|Any CPU
		{BF55FC77-3EDC-4123-81FA-A5D9E4C81C5C}.Debug|Any CPU.ActiveCfg = Debug|Any CPU
		{BF55FC77-3EDC-4123-81FA-A5D9E4C81C5C}.Debug|Any CPU.Build.0 = Debug|Any CPU
		{BF55FC77-3EDC-4123-81FA-A5D9E4C81C5C}.Debug|x64.ActiveCfg = Debug|Any CPU
		{BF55FC77-3EDC-4123-81FA-A5D9E4C81C5C}.Debug|x64.Build.0 = Debug|Any CPU
		{BF55FC77-3EDC-4123-81FA-A5D9E4C81C5C}.Debug|x86.ActiveCfg = Debug|Any CPU
		{BF55FC77-3EDC-4123-81FA-A5D9E4C81C5C}.Debug|x86.Build.0 = Debug|Any CPU
		{BF55FC77-3EDC-4123-81FA-A5D9E4C81C5C}.Release|Any CPU.ActiveCfg = Release|Any CPU
		{BF55FC77-3EDC-4123-81FA-A5D9E4C81C5C}.Release|Any CPU.Build.0 = Release|Any CPU
		{BF55FC77-3EDC-4123-81FA-A5D9E4C81C5C}.Release|x64.ActiveCfg = Release|Any CPU
		{BF55FC77-3EDC-4123-81FA-A5D9E4C81C5C}.Release|x64.Build.0 = Release|Any CPU
		{BF55FC77-3EDC-4123-81FA-A5D9E4C81C5C}.Release|x86.ActiveCfg = Release|Any CPU
		{BF55FC77-3EDC-4123-81FA-A5D9E4C81C5C}.Release|x86.Build.0 = Release|Any CPU
		{B683D223-0BB6-4E97-93C2-BD28360DE999}.Debug|Any CPU.ActiveCfg = Debug|Any CPU
		{B683D223-0BB6-4E97-93C2-BD28360DE999}.Debug|Any CPU.Build.0 = Debug|Any CPU
		{B683D223-0BB6-4E97-93C2-BD28360DE999}.Debug|x64.ActiveCfg = Debug|Any CPU
		{B683D223-0BB6-4E97-93C2-BD28360DE999}.Debug|x64.Build.0 = Debug|Any CPU
		{B683D223-0BB6-4E97-93C2-BD28360DE999}.Debug|x86.ActiveCfg = Debug|Any CPU
		{B683D223-0BB6-4E97-93C2-BD28360DE999}.Debug|x86.Build.0 = Debug|Any CPU
		{B683D223-0BB6-4E97-93C2-BD28360DE999}.Release|Any CPU.ActiveCfg = Release|Any CPU
		{B683D223-0BB6-4E97-93C2-BD28360DE999}.Release|Any CPU.Build.0 = Release|Any CPU
		{B683D223-0BB6-4E97-93C2-BD28360DE999}.Release|x64.ActiveCfg = Release|Any CPU
		{B683D223-0BB6-4E97-93C2-BD28360DE999}.Release|x64.Build.0 = Release|Any CPU
		{B683D223-0BB6-4E97-93C2-BD28360DE999}.Release|x86.ActiveCfg = Release|Any CPU
		{B683D223-0BB6-4E97-93C2-BD28360DE999}.Release|x86.Build.0 = Release|Any CPU
		{36932FF2-F6B1-4306-968F-FF22C24AA780}.Debug|Any CPU.ActiveCfg = Debug|Any CPU
		{36932FF2-F6B1-4306-968F-FF22C24AA780}.Debug|Any CPU.Build.0 = Debug|Any CPU
		{36932FF2-F6B1-4306-968F-FF22C24AA780}.Debug|x64.ActiveCfg = Debug|Any CPU
		{36932FF2-F6B1-4306-968F-FF22C24AA780}.Debug|x64.Build.0 = Debug|Any CPU
		{36932FF2-F6B1-4306-968F-FF22C24AA780}.Debug|x86.ActiveCfg = Debug|Any CPU
		{36932FF2-F6B1-4306-968F-FF22C24AA780}.Debug|x86.Build.0 = Debug|Any CPU
		{36932FF2-F6B1-4306-968F-FF22C24AA780}.Release|Any CPU.ActiveCfg = Release|Any CPU
		{36932FF2-F6B1-4306-968F-FF22C24AA780}.Release|Any CPU.Build.0 = Release|Any CPU
		{36932FF2-F6B1-4306-968F-FF22C24AA780}.Release|x64.ActiveCfg = Release|Any CPU
		{36932FF2-F6B1-4306-968F-FF22C24AA780}.Release|x64.Build.0 = Release|Any CPU
		{36932FF2-F6B1-4306-968F-FF22C24AA780}.Release|x86.ActiveCfg = Release|Any CPU
		{36932FF2-F6B1-4306-968F-FF22C24AA780}.Release|x86.Build.0 = Release|Any CPU
		{34931F9A-9EE0-4E21-BBCE-4F5750CB3FE5}.Debug|Any CPU.ActiveCfg = Debug|Any CPU
		{34931F9A-9EE0-4E21-BBCE-4F5750CB3FE5}.Debug|Any CPU.Build.0 = Debug|Any CPU
		{34931F9A-9EE0-4E21-BBCE-4F5750CB3FE5}.Debug|x64.ActiveCfg = Debug|Any CPU
		{34931F9A-9EE0-4E21-BBCE-4F5750CB3FE5}.Debug|x64.Build.0 = Debug|Any CPU
		{34931F9A-9EE0-4E21-BBCE-4F5750CB3FE5}.Debug|x86.ActiveCfg = Debug|Any CPU
		{34931F9A-9EE0-4E21-BBCE-4F5750CB3FE5}.Debug|x86.Build.0 = Debug|Any CPU
		{34931F9A-9EE0-4E21-BBCE-4F5750CB3FE5}.Release|Any CPU.ActiveCfg = Release|Any CPU
		{34931F9A-9EE0-4E21-BBCE-4F5750CB3FE5}.Release|Any CPU.Build.0 = Release|Any CPU
		{34931F9A-9EE0-4E21-BBCE-4F5750CB3FE5}.Release|x64.ActiveCfg = Release|Any CPU
		{34931F9A-9EE0-4E21-BBCE-4F5750CB3FE5}.Release|x64.Build.0 = Release|Any CPU
		{34931F9A-9EE0-4E21-BBCE-4F5750CB3FE5}.Release|x86.ActiveCfg = Release|Any CPU
		{34931F9A-9EE0-4E21-BBCE-4F5750CB3FE5}.Release|x86.Build.0 = Release|Any CPU
		{2D0AD94D-289E-4051-A84B-38BA527674AA}.Debug|Any CPU.ActiveCfg = Debug|Any CPU
		{2D0AD94D-289E-4051-A84B-38BA527674AA}.Debug|Any CPU.Build.0 = Debug|Any CPU
		{2D0AD94D-289E-4051-A84B-38BA527674AA}.Debug|x64.ActiveCfg = Debug|Any CPU
		{2D0AD94D-289E-4051-A84B-38BA527674AA}.Debug|x64.Build.0 = Debug|Any CPU
		{2D0AD94D-289E-4051-A84B-38BA527674AA}.Debug|x86.ActiveCfg = Debug|Any CPU
		{2D0AD94D-289E-4051-A84B-38BA527674AA}.Debug|x86.Build.0 = Debug|Any CPU
		{2D0AD94D-289E-4051-A84B-38BA527674AA}.Release|Any CPU.ActiveCfg = Release|Any CPU
		{2D0AD94D-289E-4051-A84B-38BA527674AA}.Release|Any CPU.Build.0 = Release|Any CPU
		{2D0AD94D-289E-4051-A84B-38BA527674AA}.Release|x64.ActiveCfg = Release|Any CPU
		{2D0AD94D-289E-4051-A84B-38BA527674AA}.Release|x64.Build.0 = Release|Any CPU
		{2D0AD94D-289E-4051-A84B-38BA527674AA}.Release|x86.ActiveCfg = Release|Any CPU
		{2D0AD94D-289E-4051-A84B-38BA527674AA}.Release|x86.Build.0 = Release|Any CPU
		{1AA2D1DB-ACC5-4710-87D9-EBEB1206D8D8}.Debug|Any CPU.ActiveCfg = Debug|Any CPU
		{1AA2D1DB-ACC5-4710-87D9-EBEB1206D8D8}.Debug|Any CPU.Build.0 = Debug|Any CPU
		{1AA2D1DB-ACC5-4710-87D9-EBEB1206D8D8}.Debug|x64.ActiveCfg = Debug|Any CPU
		{1AA2D1DB-ACC5-4710-87D9-EBEB1206D8D8}.Debug|x64.Build.0 = Debug|Any CPU
		{1AA2D1DB-ACC5-4710-87D9-EBEB1206D8D8}.Debug|x86.ActiveCfg = Debug|Any CPU
		{1AA2D1DB-ACC5-4710-87D9-EBEB1206D8D8}.Debug|x86.Build.0 = Debug|Any CPU
		{1AA2D1DB-ACC5-4710-87D9-EBEB1206D8D8}.Release|Any CPU.ActiveCfg = Release|Any CPU
		{1AA2D1DB-ACC5-4710-87D9-EBEB1206D8D8}.Release|Any CPU.Build.0 = Release|Any CPU
		{1AA2D1DB-ACC5-4710-87D9-EBEB1206D8D8}.Release|x64.ActiveCfg = Release|Any CPU
		{1AA2D1DB-ACC5-4710-87D9-EBEB1206D8D8}.Release|x64.Build.0 = Release|Any CPU
		{1AA2D1DB-ACC5-4710-87D9-EBEB1206D8D8}.Release|x86.ActiveCfg = Release|Any CPU
		{1AA2D1DB-ACC5-4710-87D9-EBEB1206D8D8}.Release|x86.Build.0 = Release|Any CPU
		{72324214-8D8E-40E7-80CA-A0276FA4CEDA}.Debug|Any CPU.ActiveCfg = Debug|Any CPU
		{72324214-8D8E-40E7-80CA-A0276FA4CEDA}.Debug|Any CPU.Build.0 = Debug|Any CPU
		{72324214-8D8E-40E7-80CA-A0276FA4CEDA}.Debug|x64.ActiveCfg = Debug|Any CPU
		{72324214-8D8E-40E7-80CA-A0276FA4CEDA}.Debug|x64.Build.0 = Debug|Any CPU
		{72324214-8D8E-40E7-80CA-A0276FA4CEDA}.Debug|x86.ActiveCfg = Debug|Any CPU
		{72324214-8D8E-40E7-80CA-A0276FA4CEDA}.Debug|x86.Build.0 = Debug|Any CPU
		{72324214-8D8E-40E7-80CA-A0276FA4CEDA}.Release|Any CPU.ActiveCfg = Release|Any CPU
		{72324214-8D8E-40E7-80CA-A0276FA4CEDA}.Release|Any CPU.Build.0 = Release|Any CPU
		{72324214-8D8E-40E7-80CA-A0276FA4CEDA}.Release|x64.ActiveCfg = Release|Any CPU
		{72324214-8D8E-40E7-80CA-A0276FA4CEDA}.Release|x64.Build.0 = Release|Any CPU
		{72324214-8D8E-40E7-80CA-A0276FA4CEDA}.Release|x86.ActiveCfg = Release|Any CPU
		{72324214-8D8E-40E7-80CA-A0276FA4CEDA}.Release|x86.Build.0 = Release|Any CPU
		{F99BBF75-8B56-4000-8401-065D67284F14}.Debug|Any CPU.ActiveCfg = Debug|Any CPU
		{F99BBF75-8B56-4000-8401-065D67284F14}.Debug|Any CPU.Build.0 = Debug|Any CPU
		{F99BBF75-8B56-4000-8401-065D67284F14}.Debug|x64.ActiveCfg = Debug|Any CPU
		{F99BBF75-8B56-4000-8401-065D67284F14}.Debug|x64.Build.0 = Debug|Any CPU
		{F99BBF75-8B56-4000-8401-065D67284F14}.Debug|x86.ActiveCfg = Debug|Any CPU
		{F99BBF75-8B56-4000-8401-065D67284F14}.Debug|x86.Build.0 = Debug|Any CPU
		{F99BBF75-8B56-4000-8401-065D67284F14}.Release|Any CPU.ActiveCfg = Release|Any CPU
		{F99BBF75-8B56-4000-8401-065D67284F14}.Release|Any CPU.Build.0 = Release|Any CPU
		{F99BBF75-8B56-4000-8401-065D67284F14}.Release|x64.ActiveCfg = Release|Any CPU
		{F99BBF75-8B56-4000-8401-065D67284F14}.Release|x64.Build.0 = Release|Any CPU
		{F99BBF75-8B56-4000-8401-065D67284F14}.Release|x86.ActiveCfg = Release|Any CPU
		{F99BBF75-8B56-4000-8401-065D67284F14}.Release|x86.Build.0 = Release|Any CPU
		{3C2412F2-D8B7-470E-866F-7D228DA79D66}.Debug|Any CPU.ActiveCfg = Debug|Any CPU
		{3C2412F2-D8B7-470E-866F-7D228DA79D66}.Debug|Any CPU.Build.0 = Debug|Any CPU
		{3C2412F2-D8B7-470E-866F-7D228DA79D66}.Debug|x64.ActiveCfg = Debug|Any CPU
		{3C2412F2-D8B7-470E-866F-7D228DA79D66}.Debug|x64.Build.0 = Debug|Any CPU
		{3C2412F2-D8B7-470E-866F-7D228DA79D66}.Debug|x86.ActiveCfg = Debug|Any CPU
		{3C2412F2-D8B7-470E-866F-7D228DA79D66}.Debug|x86.Build.0 = Debug|Any CPU
		{3C2412F2-D8B7-470E-866F-7D228DA79D66}.Release|Any CPU.ActiveCfg = Release|Any CPU
		{3C2412F2-D8B7-470E-866F-7D228DA79D66}.Release|Any CPU.Build.0 = Release|Any CPU
		{3C2412F2-D8B7-470E-866F-7D228DA79D66}.Release|x64.ActiveCfg = Release|Any CPU
		{3C2412F2-D8B7-470E-866F-7D228DA79D66}.Release|x64.Build.0 = Release|Any CPU
		{3C2412F2-D8B7-470E-866F-7D228DA79D66}.Release|x86.ActiveCfg = Release|Any CPU
		{3C2412F2-D8B7-470E-866F-7D228DA79D66}.Release|x86.Build.0 = Release|Any CPU
	EndGlobalSection
EndGlobal
