
Microsoft Visual Studio Solution File, Format Version 12.00
# Visual Studio Version 16
VisualStudioVersion = 16.0.30114.105
MinimumVisualStudioVersion = 10.0.40219.1
Project("{2150E333-8FDC-42A3-9474-1A3956D46DE8}") = "src", "src", "{B0F6406A-4FEE-48B3-A350-7C005B919CC6}"
EndProject
Project("{2150E333-8FDC-42A3-9474-1A3956D46DE8}") = "Libraries", "Libraries", "{72F492CD-436F-4C04-9555-0AD8A7B16F66}"
EndProject
Project("{FAE04EC0-301F-11D3-BF4B-00C04F79EFBC}") = "Library.Shared", "src\Libraries\Library.Shared\Library.Shared.csproj", "{A6540724-7087-4752-A1F5-235FBAD4BBFA}"
EndProject
Project("{2150E333-8FDC-42A3-9474-1A3956D46DE8}") = "Services", "Services", "{F26F726E-4862-48A0-A4EB-D72F6F36C6AB}"
EndProject
Project("{2150E333-8FDC-42A3-9474-1A3956D46DE8}") = "Template.API", "Template.API", "{E903BA59-9C9B-4C14-A387-439756E4114B}"
EndProject
Project("{2150E333-8FDC-42A3-9474-1A3956D46DE8}") = "src", "src", "{6A98162C-6560-474C-B531-B0F66B09C31A}"
EndProject
Project("{2150E333-8FDC-42A3-9474-1A3956D46DE8}") = "tests", "tests", "{DB8A7125-F9FE-44C9-ACFC-C16A3F54D5EB}"
EndProject
Project("{FAE04EC0-301F-11D3-BF4B-00C04F79EFBC}") = "Template.API", "src\Services\Template.API\src\Template.API\Template.API.csproj", "{A4E6A108-4C11-4655-ABD0-31803F182709}"
EndProject
Project("{FAE04EC0-301F-11D3-BF4B-00C04F79EFBC}") = "Template.API.Application", "src\Services\Template.API\src\Template.API.Application\Template.API.Application.csproj", "{43002B95-C6CE-48F1-B7AC-5317E46D790C}"
EndProject
Project("{FAE04EC0-301F-11D3-BF4B-00C04F79EFBC}") = "Template.API.Domain", "src\Services\Template.API\src\Template.API.Domain\Template.API.Domain.csproj", "{546E1E59-C5DF-4CD1-9C9A-2017BC6404B2}"
EndProject
Project("{FAE04EC0-301F-11D3-BF4B-00C04F79EFBC}") = "Template.API.Infrastructure", "src\Services\Template.API\src\Template.API.Infrastructure\Template.API.Infrastructure.csproj", "{21432CEA-57CB-4CF0-9A96-133663E02469}"
EndProject
Project("{FAE04EC0-301F-11D3-BF4B-00C04F79EFBC}") = "Template.API.Tests.Unit", "src\Services\Template.API\tests\Template.API.Tests.Unit\Template.API.Tests.Unit.csproj", "{AD5724B3-5434-4F01-9A34-7BE6A73074D8}"
EndProject
Project("{FAE04EC0-301F-11D3-BF4B-00C04F79EFBC}") = "Library.EventBus", "src\Libraries\Library.EventBus\Library.EventBus.csproj", "{9C455D0B-FFEC-4C6C-AD67-1B70D04FCB99}"
EndProject
Project("{FAE04EC0-301F-11D3-BF4B-00C04F79EFBC}") = "Library.Database", "src\Libraries\Library.Database\Library.Database.csproj", "{D60034D6-DCE5-4E1D-B585-847E6D3A55B5}"
EndProject
Global
	GlobalSection(SolutionConfigurationPlatforms) = preSolution
		Debug|Any CPU = Debug|Any CPU
		Debug|x64 = Debug|x64
		Debug|x86 = Debug|x86
		Release|Any CPU = Release|Any CPU
		Release|x64 = Release|x64
		Release|x86 = Release|x86
	EndGlobalSection
	GlobalSection(SolutionProperties) = preSolution
		HideSolutionNode = FALSE
	EndGlobalSection
	GlobalSection(NestedProjects) = preSolution
		{72F492CD-436F-4C04-9555-0AD8A7B16F66} = {B0F6406A-4FEE-48B3-A350-7C005B919CC6}
		{A6540724-7087-4752-A1F5-235FBAD4BBFA} = {72F492CD-436F-4C04-9555-0AD8A7B16F66}
		{F26F726E-4862-48A0-A4EB-D72F6F36C6AB} = {B0F6406A-4FEE-48B3-A350-7C005B919CC6}
		{E903BA59-9C9B-4C14-A387-439756E4114B} = {F26F726E-4862-48A0-A4EB-D72F6F36C6AB}
		{6A98162C-6560-474C-B531-B0F66B09C31A} = {E903BA59-9C9B-4C14-A387-439756E4114B}
		{DB8A7125-F9FE-44C9-ACFC-C16A3F54D5EB} = {E903BA59-9C9B-4C14-A387-439756E4114B}
		{A4E6A108-4C11-4655-ABD0-31803F182709} = {6A98162C-6560-474C-B531-B0F66B09C31A}
		{43002B95-C6CE-48F1-B7AC-5317E46D790C} = {6A98162C-6560-474C-B531-B0F66B09C31A}
		{546E1E59-C5DF-4CD1-9C9A-2017BC6404B2} = {6A98162C-6560-474C-B531-B0F66B09C31A}
		{21432CEA-57CB-4CF0-9A96-133663E02469} = {6A98162C-6560-474C-B531-B0F66B09C31A}
		{AD5724B3-5434-4F01-9A34-7BE6A73074D8} = {DB8A7125-F9FE-44C9-ACFC-C16A3F54D5EB}
		{9C455D0B-FFEC-4C6C-AD67-1B70D04FCB99} = {72F492CD-436F-4C04-9555-0AD8A7B16F66}
		{D60034D6-DCE5-4E1D-B585-847E6D3A55B5} = {72F492CD-436F-4C04-9555-0AD8A7B16F66}
	EndGlobalSection
	GlobalSection(ProjectConfigurationPlatforms) = postSolution
		{A6540724-7087-4752-A1F5-235FBAD4BBFA}.Debug|Any CPU.ActiveCfg = Debug|Any CPU
		{A6540724-7087-4752-A1F5-235FBAD4BBFA}.Debug|Any CPU.Build.0 = Debug|Any CPU
		{A6540724-7087-4752-A1F5-235FBAD4BBFA}.Debug|x64.ActiveCfg = Debug|Any CPU
		{A6540724-7087-4752-A1F5-235FBAD4BBFA}.Debug|x64.Build.0 = Debug|Any CPU
		{A6540724-7087-4752-A1F5-235FBAD4BBFA}.Debug|x86.ActiveCfg = Debug|Any CPU
		{A6540724-7087-4752-A1F5-235FBAD4BBFA}.Debug|x86.Build.0 = Debug|Any CPU
		{A6540724-7087-4752-A1F5-235FBAD4BBFA}.Release|Any CPU.ActiveCfg = Release|Any CPU
		{A6540724-7087-4752-A1F5-235FBAD4BBFA}.Release|Any CPU.Build.0 = Release|Any CPU
		{A6540724-7087-4752-A1F5-235FBAD4BBFA}.Release|x64.ActiveCfg = Release|Any CPU
		{A6540724-7087-4752-A1F5-235FBAD4BBFA}.Release|x64.Build.0 = Release|Any CPU
		{A6540724-7087-4752-A1F5-235FBAD4BBFA}.Release|x86.ActiveCfg = Release|Any CPU
		{A6540724-7087-4752-A1F5-235FBAD4BBFA}.Release|x86.Build.0 = Release|Any CPU
		{A4E6A108-4C11-4655-ABD0-31803F182709}.Debug|Any CPU.ActiveCfg = Debug|Any CPU
		{A4E6A108-4C11-4655-ABD0-31803F182709}.Debug|Any CPU.Build.0 = Debug|Any CPU
		{A4E6A108-4C11-4655-ABD0-31803F182709}.Debug|x64.ActiveCfg = Debug|Any CPU
		{A4E6A108-4C11-4655-ABD0-31803F182709}.Debug|x64.Build.0 = Debug|Any CPU
		{A4E6A108-4C11-4655-ABD0-31803F182709}.Debug|x86.ActiveCfg = Debug|Any CPU
		{A4E6A108-4C11-4655-ABD0-31803F182709}.Debug|x86.Build.0 = Debug|Any CPU
		{A4E6A108-4C11-4655-ABD0-31803F182709}.Release|Any CPU.ActiveCfg = Release|Any CPU
		{A4E6A108-4C11-4655-ABD0-31803F182709}.Release|Any CPU.Build.0 = Release|Any CPU
		{A4E6A108-4C11-4655-ABD0-31803F182709}.Release|x64.ActiveCfg = Release|Any CPU
		{A4E6A108-4C11-4655-ABD0-31803F182709}.Release|x64.Build.0 = Release|Any CPU
		{A4E6A108-4C11-4655-ABD0-31803F182709}.Release|x86.ActiveCfg = Release|Any CPU
		{A4E6A108-4C11-4655-ABD0-31803F182709}.Release|x86.Build.0 = Release|Any CPU
		{43002B95-C6CE-48F1-B7AC-5317E46D790C}.Debug|Any CPU.ActiveCfg = Debug|Any CPU
		{43002B95-C6CE-48F1-B7AC-5317E46D790C}.Debug|Any CPU.Build.0 = Debug|Any CPU
		{43002B95-C6CE-48F1-B7AC-5317E46D790C}.Debug|x64.ActiveCfg = Debug|Any CPU
		{43002B95-C6CE-48F1-B7AC-5317E46D790C}.Debug|x64.Build.0 = Debug|Any CPU
		{43002B95-C6CE-48F1-B7AC-5317E46D790C}.Debug|x86.ActiveCfg = Debug|Any CPU
		{43002B95-C6CE-48F1-B7AC-5317E46D790C}.Debug|x86.Build.0 = Debug|Any CPU
		{43002B95-C6CE-48F1-B7AC-5317E46D790C}.Release|Any CPU.ActiveCfg = Release|Any CPU
		{43002B95-C6CE-48F1-B7AC-5317E46D790C}.Release|Any CPU.Build.0 = Release|Any CPU
		{43002B95-C6CE-48F1-B7AC-5317E46D790C}.Release|x64.ActiveCfg = Release|Any CPU
		{43002B95-C6CE-48F1-B7AC-5317E46D790C}.Release|x64.Build.0 = Release|Any CPU
		{43002B95-C6CE-48F1-B7AC-5317E46D790C}.Release|x86.ActiveCfg = Release|Any CPU
		{43002B95-C6CE-48F1-B7AC-5317E46D790C}.Release|x86.Build.0 = Release|Any CPU
		{546E1E59-C5DF-4CD1-9C9A-2017BC6404B2}.Debug|Any CPU.ActiveCfg = Debug|Any CPU
		{546E1E59-C5DF-4CD1-9C9A-2017BC6404B2}.Debug|Any CPU.Build.0 = Debug|Any CPU
		{546E1E59-C5DF-4CD1-9C9A-2017BC6404B2}.Debug|x64.ActiveCfg = Debug|Any CPU
		{546E1E59-C5DF-4CD1-9C9A-2017BC6404B2}.Debug|x64.Build.0 = Debug|Any CPU
		{546E1E59-C5DF-4CD1-9C9A-2017BC6404B2}.Debug|x86.ActiveCfg = Debug|Any CPU
		{546E1E59-C5DF-4CD1-9C9A-2017BC6404B2}.Debug|x86.Build.0 = Debug|Any CPU
		{546E1E59-C5DF-4CD1-9C9A-2017BC6404B2}.Release|Any CPU.ActiveCfg = Release|Any CPU
		{546E1E59-C5DF-4CD1-9C9A-2017BC6404B2}.Release|Any CPU.Build.0 = Release|Any CPU
		{546E1E59-C5DF-4CD1-9C9A-2017BC6404B2}.Release|x64.ActiveCfg = Release|Any CPU
		{546E1E59-C5DF-4CD1-9C9A-2017BC6404B2}.Release|x64.Build.0 = Release|Any CPU
		{546E1E59-C5DF-4CD1-9C9A-2017BC6404B2}.Release|x86.ActiveCfg = Release|Any CPU
		{546E1E59-C5DF-4CD1-9C9A-2017BC6404B2}.Release|x86.Build.0 = Release|Any CPU
		{21432CEA-57CB-4CF0-9A96-133663E02469}.Debug|Any CPU.ActiveCfg = Debug|Any CPU
		{21432CEA-57CB-4CF0-9A96-133663E02469}.Debug|Any CPU.Build.0 = Debug|Any CPU
		{21432CEA-57CB-4CF0-9A96-133663E02469}.Debug|x64.ActiveCfg = Debug|Any CPU
		{21432CEA-57CB-4CF0-9A96-133663E02469}.Debug|x64.Build.0 = Debug|Any CPU
		{21432CEA-57CB-4CF0-9A96-133663E02469}.Debug|x86.ActiveCfg = Debug|Any CPU
		{21432CEA-57CB-4CF0-9A96-133663E02469}.Debug|x86.Build.0 = Debug|Any CPU
		{21432CEA-57CB-4CF0-9A96-133663E02469}.Release|Any CPU.ActiveCfg = Release|Any CPU
		{21432CEA-57CB-4CF0-9A96-133663E02469}.Release|Any CPU.Build.0 = Release|Any CPU
		{21432CEA-57CB-4CF0-9A96-133663E02469}.Release|x64.ActiveCfg = Release|Any CPU
		{21432CEA-57CB-4CF0-9A96-133663E02469}.Release|x64.Build.0 = Release|Any CPU
		{21432CEA-57CB-4CF0-9A96-133663E02469}.Release|x86.ActiveCfg = Release|Any CPU
		{21432CEA-57CB-4CF0-9A96-133663E02469}.Release|x86.Build.0 = Release|Any CPU
		{AD5724B3-5434-4F01-9A34-7BE6A73074D8}.Debug|Any CPU.ActiveCfg = Debug|Any CPU
		{AD5724B3-5434-4F01-9A34-7BE6A73074D8}.Debug|Any CPU.Build.0 = Debug|Any CPU
		{AD5724B3-5434-4F01-9A34-7BE6A73074D8}.Debug|x64.ActiveCfg = Debug|Any CPU
		{AD5724B3-5434-4F01-9A34-7BE6A73074D8}.Debug|x64.Build.0 = Debug|Any CPU
		{AD5724B3-5434-4F01-9A34-7BE6A73074D8}.Debug|x86.ActiveCfg = Debug|Any CPU
		{AD5724B3-5434-4F01-9A34-7BE6A73074D8}.Debug|x86.Build.0 = Debug|Any CPU
		{AD5724B3-5434-4F01-9A34-7BE6A73074D8}.Release|Any CPU.ActiveCfg = Release|Any CPU
		{AD5724B3-5434-4F01-9A34-7BE6A73074D8}.Release|Any CPU.Build.0 = Release|Any CPU
		{AD5724B3-5434-4F01-9A34-7BE6A73074D8}.Release|x64.ActiveCfg = Release|Any CPU
		{AD5724B3-5434-4F01-9A34-7BE6A73074D8}.Release|x64.Build.0 = Release|Any CPU
		{AD5724B3-5434-4F01-9A34-7BE6A73074D8}.Release|x86.ActiveCfg = Release|Any CPU
		{AD5724B3-5434-4F01-9A34-7BE6A73074D8}.Release|x86.Build.0 = Release|Any CPU
		{9C455D0B-FFEC-4C6C-AD67-1B70D04FCB99}.Debug|Any CPU.ActiveCfg = Debug|Any CPU
		{9C455D0B-FFEC-4C6C-AD67-1B70D04FCB99}.Debug|Any CPU.Build.0 = Debug|Any CPU
		{9C455D0B-FFEC-4C6C-AD67-1B70D04FCB99}.Debug|x64.ActiveCfg = Debug|Any CPU
		{9C455D0B-FFEC-4C6C-AD67-1B70D04FCB99}.Debug|x64.Build.0 = Debug|Any CPU
		{9C455D0B-FFEC-4C6C-AD67-1B70D04FCB99}.Debug|x86.ActiveCfg = Debug|Any CPU
		{9C455D0B-FFEC-4C6C-AD67-1B70D04FCB99}.Debug|x86.Build.0 = Debug|Any CPU
		{9C455D0B-FFEC-4C6C-AD67-1B70D04FCB99}.Release|Any CPU.ActiveCfg = Release|Any CPU
		{9C455D0B-FFEC-4C6C-AD67-1B70D04FCB99}.Release|Any CPU.Build.0 = Release|Any CPU
		{9C455D0B-FFEC-4C6C-AD67-1B70D04FCB99}.Release|x64.ActiveCfg = Release|Any CPU
		{9C455D0B-FFEC-4C6C-AD67-1B70D04FCB99}.Release|x64.Build.0 = Release|Any CPU
		{9C455D0B-FFEC-4C6C-AD67-1B70D04FCB99}.Release|x86.ActiveCfg = Release|Any CPU
		{9C455D0B-FFEC-4C6C-AD67-1B70D04FCB99}.Release|x86.Build.0 = Release|Any CPU
		{D60034D6-DCE5-4E1D-B585-847E6D3A55B5}.Debug|Any CPU.ActiveCfg = Debug|Any CPU
		{D60034D6-DCE5-4E1D-B585-847E6D3A55B5}.Debug|Any CPU.Build.0 = Debug|Any CPU
		{D60034D6-DCE5-4E1D-B585-847E6D3A55B5}.Debug|x64.ActiveCfg = Debug|Any CPU
		{D60034D6-DCE5-4E1D-B585-847E6D3A55B5}.Debug|x64.Build.0 = Debug|Any CPU
		{D60034D6-DCE5-4E1D-B585-847E6D3A55B5}.Debug|x86.ActiveCfg = Debug|Any CPU
		{D60034D6-DCE5-4E1D-B585-847E6D3A55B5}.Debug|x86.Build.0 = Debug|Any CPU
		{D60034D6-DCE5-4E1D-B585-847E6D3A55B5}.Release|Any CPU.ActiveCfg = Release|Any CPU
		{D60034D6-DCE5-4E1D-B585-847E6D3A55B5}.Release|Any CPU.Build.0 = Release|Any CPU
		{D60034D6-DCE5-4E1D-B585-847E6D3A55B5}.Release|x64.ActiveCfg = Release|Any CPU
		{D60034D6-DCE5-4E1D-B585-847E6D3A55B5}.Release|x64.Build.0 = Release|Any CPU
		{D60034D6-DCE5-4E1D-B585-847E6D3A55B5}.Release|x86.ActiveCfg = Release|Any CPU
		{D60034D6-DCE5-4E1D-B585-847E6D3A55B5}.Release|x86.Build.0 = Release|Any CPU
	EndGlobalSection
EndGlobal
